// !$*UTF8*$!
{
	archiveVersion = 1;
	classes = {
	};
	objectVersion = 46;
	objects = {

/* Begin PBXBuildFile section */
		04FB26291B1EE47800D50FC4 /* ExpandingTableView.h in Headers */ = {isa = PBXBuildFile; fileRef = 04FB26281B1EE47800D50FC4 /* ExpandingTableView.h */; settings = {ATTRIBUTES = (Public, ); }; };
		04FB262F1B1EE47900D50FC4 /* ExpandingTableView.framework in Frameworks */ = {isa = PBXBuildFile; fileRef = 04FB26231B1EE47800D50FC4 /* ExpandingTableView.framework */; };
		04FB26361B1EE47900D50FC4 /* ExpandingTableViewTests.swift in Sources */ = {isa = PBXBuildFile; fileRef = 04FB26351B1EE47900D50FC4 /* ExpandingTableViewTests.swift */; };
		04FB266E1B1EE55000D50FC4 /* ExpandingCellType.swift in Sources */ = {isa = PBXBuildFile; fileRef = 04FB266D1B1EE55000D50FC4 /* ExpandingCellType.swift */; };
		04FB26701B1EE5D100D50FC4 /* ExpandingTableViewController.swift in Sources */ = {isa = PBXBuildFile; fileRef = 04FB266F1B1EE5D100D50FC4 /* ExpandingTableViewController.swift */; };
		04FB26721B1EE6B500D50FC4 /* ExpandingTableViewControllerType.swift in Sources */ = {isa = PBXBuildFile; fileRef = 04FB26711B1EE6B500D50FC4 /* ExpandingTableViewControllerType.swift */; };
		04FB26741B1EE8C600D50FC4 /* ExpandingTableViewCell.swift in Sources */ = {isa = PBXBuildFile; fileRef = 04FB26731B1EE8C600D50FC4 /* ExpandingTableViewCell.swift */; };
/* End PBXBuildFile section */

/* Begin PBXContainerItemProxy section */
		04FB26301B1EE47900D50FC4 /* PBXContainerItemProxy */ = {
			isa = PBXContainerItemProxy;
			containerPortal = 04FB261A1B1EE47800D50FC4 /* Project object */;
			proxyType = 1;
			remoteGlobalIDString = 04FB26221B1EE47800D50FC4;
			remoteInfo = ExpandingTableView;
		};
/* End PBXContainerItemProxy section */

/* Begin PBXFileReference section */
		04FB26231B1EE47800D50FC4 /* ExpandingTableView.framework */ = {isa = PBXFileReference; explicitFileType = wrapper.framework; includeInIndex = 0; path = ExpandingTableView.framework; sourceTree = BUILT_PRODUCTS_DIR; };
		04FB26271B1EE47800D50FC4 /* Info.plist */ = {isa = PBXFileReference; lastKnownFileType = text.plist.xml; path = Info.plist; sourceTree = "<group>"; };
		04FB26281B1EE47800D50FC4 /* ExpandingTableView.h */ = {isa = PBXFileReference; lastKnownFileType = sourcecode.c.h; path = ExpandingTableView.h; sourceTree = "<group>"; };
		04FB262E1B1EE47900D50FC4 /* ExpandingTableViewTests.xctest */ = {isa = PBXFileReference; explicitFileType = wrapper.cfbundle; includeInIndex = 0; path = ExpandingTableViewTests.xctest; sourceTree = BUILT_PRODUCTS_DIR; };
		04FB26341B1EE47900D50FC4 /* Info.plist */ = {isa = PBXFileReference; lastKnownFileType = text.plist.xml; path = Info.plist; sourceTree = "<group>"; };
		04FB26351B1EE47900D50FC4 /* ExpandingTableViewTests.swift */ = {isa = PBXFileReference; lastKnownFileType = sourcecode.swift; path = ExpandingTableViewTests.swift; sourceTree = "<group>"; };
		04FB266D1B1EE55000D50FC4 /* ExpandingCellType.swift */ = {isa = PBXFileReference; fileEncoding = 4; lastKnownFileType = sourcecode.swift; path = ExpandingCellType.swift; sourceTree = "<group>"; };
		04FB266F1B1EE5D100D50FC4 /* ExpandingTableViewController.swift */ = {isa = PBXFileReference; fileEncoding = 4; lastKnownFileType = sourcecode.swift; path = ExpandingTableViewController.swift; sourceTree = "<group>"; };
		04FB26711B1EE6B500D50FC4 /* ExpandingTableViewControllerType.swift */ = {isa = PBXFileReference; fileEncoding = 4; lastKnownFileType = sourcecode.swift; path = ExpandingTableViewControllerType.swift; sourceTree = "<group>"; };
		04FB26731B1EE8C600D50FC4 /* ExpandingTableViewCell.swift */ = {isa = PBXFileReference; fileEncoding = 4; lastKnownFileType = sourcecode.swift; path = ExpandingTableViewCell.swift; sourceTree = "<group>"; };
/* End PBXFileReference section */

/* Begin PBXFrameworksBuildPhase section */
		04FB261F1B1EE47800D50FC4 /* Frameworks */ = {
			isa = PBXFrameworksBuildPhase;
			buildActionMask = 2147483647;
			files = (
			);
			runOnlyForDeploymentPostprocessing = 0;
		};
		04FB262B1B1EE47900D50FC4 /* Frameworks */ = {
			isa = PBXFrameworksBuildPhase;
			buildActionMask = 2147483647;
			files = (
				04FB262F1B1EE47900D50FC4 /* ExpandingTableView.framework in Frameworks */,
			);
			runOnlyForDeploymentPostprocessing = 0;
		};
/* End PBXFrameworksBuildPhase section */

/* Begin PBXGroup section */
		04FB26191B1EE47800D50FC4 = {
			isa = PBXGroup;
			children = (
				04FB26251B1EE47800D50FC4 /* ExpandingTableView */,
				04FB26261B1EE47800D50FC4 /* Supporting Files */,
				04FB26321B1EE47900D50FC4 /* ExpandingTableViewTests */,
				04FB26241B1EE47800D50FC4 /* Products */,
			);
			sourceTree = "<group>";
		};
		04FB26241B1EE47800D50FC4 /* Products */ = {
			isa = PBXGroup;
			children = (
				04FB26231B1EE47800D50FC4 /* ExpandingTableView.framework */,
				04FB262E1B1EE47900D50FC4 /* ExpandingTableViewTests.xctest */,
			);
			name = Products;
			sourceTree = "<group>";
		};
		04FB26251B1EE47800D50FC4 /* ExpandingTableView */ = {
			isa = PBXGroup;
			children = (
				04FB26281B1EE47800D50FC4 /* ExpandingTableView.h */,
				04FB266D1B1EE55000D50FC4 /* ExpandingCellType.swift */,
				04FB266F1B1EE5D100D50FC4 /* ExpandingTableViewController.swift */,
				04FB26711B1EE6B500D50FC4 /* ExpandingTableViewControllerType.swift */,
				04FB26731B1EE8C600D50FC4 /* ExpandingTableViewCell.swift */,
			);
			path = ExpandingTableView;
			sourceTree = "<group>";
		};
		04FB26261B1EE47800D50FC4 /* Supporting Files */ = {
			isa = PBXGroup;
			children = (
				04FB26271B1EE47800D50FC4 /* Info.plist */,
			);
			name = "Supporting Files";
			path = ExpandingTableView;
			sourceTree = "<group>";
		};
		04FB26321B1EE47900D50FC4 /* ExpandingTableViewTests */ = {
			isa = PBXGroup;
			children = (
				04FB26351B1EE47900D50FC4 /* ExpandingTableViewTests.swift */,
				04FB26331B1EE47900D50FC4 /* Supporting Files */,
			);
			path = ExpandingTableViewTests;
			sourceTree = "<group>";
		};
		04FB26331B1EE47900D50FC4 /* Supporting Files */ = {
			isa = PBXGroup;
			children = (
				04FB26341B1EE47900D50FC4 /* Info.plist */,
			);
			name = "Supporting Files";
			sourceTree = "<group>";
		};
/* End PBXGroup section */

/* Begin PBXHeadersBuildPhase section */
		04FB26201B1EE47800D50FC4 /* Headers */ = {
			isa = PBXHeadersBuildPhase;
			buildActionMask = 2147483647;
			files = (
				04FB26291B1EE47800D50FC4 /* ExpandingTableView.h in Headers */,
			);
			runOnlyForDeploymentPostprocessing = 0;
		};
/* End PBXHeadersBuildPhase section */

/* Begin PBXNativeTarget section */
		04FB26221B1EE47800D50FC4 /* ExpandingTableView */ = {
			isa = PBXNativeTarget;
			buildConfigurationList = 04FB26391B1EE47900D50FC4 /* Build configuration list for PBXNativeTarget "ExpandingTableView" */;
			buildPhases = (
				04FB261E1B1EE47800D50FC4 /* Sources */,
				04FB261F1B1EE47800D50FC4 /* Frameworks */,
				04FB26201B1EE47800D50FC4 /* Headers */,
				04FB26211B1EE47800D50FC4 /* Resources */,
			);
			buildRules = (
			);
			dependencies = (
			);
			name = ExpandingTableView;
			productName = ExpandingTableView;
			productReference = 04FB26231B1EE47800D50FC4 /* ExpandingTableView.framework */;
			productType = "com.apple.product-type.framework";
		};
		04FB262D1B1EE47900D50FC4 /* ExpandingTableViewTests */ = {
			isa = PBXNativeTarget;
			buildConfigurationList = 04FB263C1B1EE47900D50FC4 /* Build configuration list for PBXNativeTarget "ExpandingTableViewTests" */;
			buildPhases = (
				04FB262A1B1EE47900D50FC4 /* Sources */,
				04FB262B1B1EE47900D50FC4 /* Frameworks */,
				04FB262C1B1EE47900D50FC4 /* Resources */,
			);
			buildRules = (
			);
			dependencies = (
				04FB26311B1EE47900D50FC4 /* PBXTargetDependency */,
			);
			name = ExpandingTableViewTests;
			productName = ExpandingTableViewTests;
			productReference = 04FB262E1B1EE47900D50FC4 /* ExpandingTableViewTests.xctest */;
			productType = "com.apple.product-type.bundle.unit-test";
		};
/* End PBXNativeTarget section */

/* Begin PBXProject section */
		04FB261A1B1EE47800D50FC4 /* Project object */ = {
			isa = PBXProject;
			attributes = {
				LastUpgradeCheck = 0630;
				ORGANIZATIONNAME = "József Vesza";
				TargetAttributes = {
					04FB26221B1EE47800D50FC4 = {
						CreatedOnToolsVersion = 6.3.2;
					};
					04FB262D1B1EE47900D50FC4 = {
						CreatedOnToolsVersion = 6.3.2;
					};
				};
			};
			buildConfigurationList = 04FB261D1B1EE47800D50FC4 /* Build configuration list for PBXProject "ExpandingTableView" */;
			compatibilityVersion = "Xcode 3.2";
			developmentRegion = English;
			hasScannedForEncodings = 0;
			knownRegions = (
				en,
			);
			mainGroup = 04FB26191B1EE47800D50FC4;
			productRefGroup = 04FB26241B1EE47800D50FC4 /* Products */;
			projectDirPath = "";
			projectRoot = "";
			targets = (
				04FB26221B1EE47800D50FC4 /* ExpandingTableView */,
				04FB262D1B1EE47900D50FC4 /* ExpandingTableViewTests */,
			);
		};
/* End PBXProject section */

/* Begin PBXResourcesBuildPhase section */
		04FB26211B1EE47800D50FC4 /* Resources */ = {
			isa = PBXResourcesBuildPhase;
			buildActionMask = 2147483647;
			files = (
			);
			runOnlyForDeploymentPostprocessing = 0;
		};
		04FB262C1B1EE47900D50FC4 /* Resources */ = {
			isa = PBXResourcesBuildPhase;
			buildActionMask = 2147483647;
			files = (
			);
			runOnlyForDeploymentPostprocessing = 0;
		};
/* End PBXResourcesBuildPhase section */

/* Begin PBXSourcesBuildPhase section */
		04FB261E1B1EE47800D50FC4 /* Sources */ = {
			isa = PBXSourcesBuildPhase;
			buildActionMask = 2147483647;
			files = (
				04FB26741B1EE8C600D50FC4 /* ExpandingTableViewCell.swift in Sources */,
				04FB26701B1EE5D100D50FC4 /* ExpandingTableViewController.swift in Sources */,
				04FB26721B1EE6B500D50FC4 /* ExpandingTableViewControllerType.swift in Sources */,
				04FB266E1B1EE55000D50FC4 /* ExpandingCellType.swift in Sources */,
			);
			runOnlyForDeploymentPostprocessing = 0;
		};
		04FB262A1B1EE47900D50FC4 /* Sources */ = {
			isa = PBXSourcesBuildPhase;
			buildActionMask = 2147483647;
			files = (
				04FB26361B1EE47900D50FC4 /* ExpandingTableViewTests.swift in Sources */,
			);
			runOnlyForDeploymentPostprocessing = 0;
		};
/* End PBXSourcesBuildPhase section */

/* Begin PBXTargetDependency section */
		04FB26311B1EE47900D50FC4 /* PBXTargetDependency */ = {
			isa = PBXTargetDependency;
			target = 04FB26221B1EE47800D50FC4 /* ExpandingTableView */;
			targetProxy = 04FB26301B1EE47900D50FC4 /* PBXContainerItemProxy */;
		};
/* End PBXTargetDependency section */

/* Begin XCBuildConfiguration section */
		04FB26371B1EE47900D50FC4 /* Debug */ = {
			isa = XCBuildConfiguration;
			buildSettings = {
				ALWAYS_SEARCH_USER_PATHS = NO;
				CLANG_CXX_LANGUAGE_STANDARD = "gnu++0x";
				CLANG_CXX_LIBRARY = "libc++";
				CLANG_ENABLE_MODULES = YES;
				CLANG_ENABLE_OBJC_ARC = YES;
				CLANG_WARN_BOOL_CONVERSION = YES;
				CLANG_WARN_CONSTANT_CONVERSION = YES;
				CLANG_WARN_DIRECT_OBJC_ISA_USAGE = YES_ERROR;
				CLANG_WARN_EMPTY_BODY = YES;
				CLANG_WARN_ENUM_CONVERSION = YES;
				CLANG_WARN_INT_CONVERSION = YES;
				CLANG_WARN_OBJC_ROOT_CLASS = YES_ERROR;
				CLANG_WARN_UNREACHABLE_CODE = YES;
				CLANG_WARN__DUPLICATE_METHOD_MATCH = YES;
				"CODE_SIGN_IDENTITY[sdk=iphoneos*]" = "iPhone Developer";
				COPY_PHASE_STRIP = NO;
				CURRENT_PROJECT_VERSION = 1;
				DEBUG_INFORMATION_FORMAT = "dwarf-with-dsym";
				ENABLE_STRICT_OBJC_MSGSEND = YES;
				GCC_C_LANGUAGE_STANDARD = gnu99;
				GCC_DYNAMIC_NO_PIC = NO;
				GCC_NO_COMMON_BLOCKS = YES;
				GCC_OPTIMIZATION_LEVEL = 0;
				GCC_PREPROCESSOR_DEFINITIONS = (
					"DEBUG=1",
					"$(inherited)",
				);
				GCC_SYMBOLS_PRIVATE_EXTERN = NO;
				GCC_WARN_64_TO_32_BIT_CONVERSION = YES;
				GCC_WARN_ABOUT_RETURN_TYPE = YES_ERROR;
				GCC_WARN_UNDECLARED_SELECTOR = YES;
				GCC_WARN_UNINITIALIZED_AUTOS = YES_AGGRESSIVE;
				GCC_WARN_UNUSED_FUNCTION = YES;
				GCC_WARN_UNUSED_VARIABLE = YES;
				IPHONEOS_DEPLOYMENT_TARGET = 8.3;
				MTL_ENABLE_DEBUG_INFO = YES;
				ONLY_ACTIVE_ARCH = YES;
				SDKROOT = iphoneos;
				SWIFT_OPTIMIZATION_LEVEL = "-Onone";
				TARGETED_DEVICE_FAMILY = "1,2";
				VERSIONING_SYSTEM = "apple-generic";
				VERSION_INFO_PREFIX = "";
			};
			name = Debug;
		};
		04FB26381B1EE47900D50FC4 /* Release */ = {
			isa = XCBuildConfiguration;
			buildSettings = {
				ALWAYS_SEARCH_USER_PATHS = NO;
				CLANG_CXX_LANGUAGE_STANDARD = "gnu++0x";
				CLANG_CXX_LIBRARY = "libc++";
				CLANG_ENABLE_MODULES = YES;
				CLANG_ENABLE_OBJC_ARC = YES;
				CLANG_WARN_BOOL_CONVERSION = YES;
				CLANG_WARN_CONSTANT_CONVERSION = YES;
				CLANG_WARN_DIRECT_OBJC_ISA_USAGE = YES_ERROR;
				CLANG_WARN_EMPTY_BODY = YES;
				CLANG_WARN_ENUM_CONVERSION = YES;
				CLANG_WARN_INT_CONVERSION = YES;
				CLANG_WARN_OBJC_ROOT_CLASS = YES_ERROR;
				CLANG_WARN_UNREACHABLE_CODE = YES;
				CLANG_WARN__DUPLICATE_METHOD_MATCH = YES;
				"CODE_SIGN_IDENTITY[sdk=iphoneos*]" = "iPhone Developer";
				COPY_PHASE_STRIP = NO;
				CURRENT_PROJECT_VERSION = 1;
				DEBUG_INFORMATION_FORMAT = "dwarf-with-dsym";
				ENABLE_NS_ASSERTIONS = NO;
				ENABLE_STRICT_OBJC_MSGSEND = YES;
				GCC_C_LANGUAGE_STANDARD = gnu99;
				GCC_NO_COMMON_BLOCKS = YES;
				GCC_WARN_64_TO_32_BIT_CONVERSION = YES;
				GCC_WARN_ABOUT_RETURN_TYPE = YES_ERROR;
				GCC_WARN_UNDECLARED_SELECTOR = YES;
				GCC_WARN_UNINITIALIZED_AUTOS = YES_AGGRESSIVE;
				GCC_WARN_UNUSED_FUNCTION = YES;
				GCC_WARN_UNUSED_VARIABLE = YES;
				IPHONEOS_DEPLOYMENT_TARGET = 8.3;
				MTL_ENABLE_DEBUG_INFO = NO;
				SDKROOT = iphoneos;
				TARGETED_DEVICE_FAMILY = "1,2";
				VALIDATE_PRODUCT = YES;
				VERSIONING_SYSTEM = "apple-generic";
				VERSION_INFO_PREFIX = "";
			};
			name = Release;
		};
		04FB263A1B1EE47900D50FC4 /* Debug */ = {
			isa = XCBuildConfiguration;
			buildSettings = {
				CLANG_ENABLE_MODULES = YES;
				DEFINES_MODULE = YES;
				DYLIB_COMPATIBILITY_VERSION = 1;
				DYLIB_CURRENT_VERSION = 1;
				DYLIB_INSTALL_NAME_BASE = "@rpath";
				INFOPLIST_FILE = ExpandingTableView/Info.plist;
				INSTALL_PATH = "$(LOCAL_LIBRARY_DIR)/Frameworks";
				LD_RUNPATH_SEARCH_PATHS = "$(inherited) @executable_path/Frameworks @loader_path/Frameworks";
				PRODUCT_NAME = "$(TARGET_NAME)";
				SKIP_INSTALL = YES;
				SWIFT_OPTIMIZATION_LEVEL = "-Onone";
			};
			name = Debug;
		};
		04FB263B1B1EE47900D50FC4 /* Release */ = {
			isa = XCBuildConfiguration;
			buildSettings = {
				CLANG_ENABLE_MODULES = YES;
				DEFINES_MODULE = YES;
				DYLIB_COMPATIBILITY_VERSION = 1;
				DYLIB_CURRENT_VERSION = 1;
				DYLIB_INSTALL_NAME_BASE = "@rpath";
				INFOPLIST_FILE = ExpandingTableView/Info.plist;
				INSTALL_PATH = "$(LOCAL_LIBRARY_DIR)/Frameworks";
				LD_RUNPATH_SEARCH_PATHS = "$(inherited) @executable_path/Frameworks @loader_path/Frameworks";
				PRODUCT_NAME = "$(TARGET_NAME)";
				SKIP_INSTALL = YES;
			};
			name = Release;
		};
		04FB263D1B1EE47900D50FC4 /* Debug */ = {
			isa = XCBuildConfiguration;
			buildSettings = {
				FRAMEWORK_SEARCH_PATHS = (
					"$(SDKROOT)/Developer/Library/Frameworks",
					"$(inherited)",
				);
				GCC_PREPROCESSOR_DEFINITIONS = (
					"DEBUG=1",
					"$(inherited)",
				);
				INFOPLIST_FILE = ExpandingTableViewTests/Info.plist;
				LD_RUNPATH_SEARCH_PATHS = "$(inherited) @executable_path/Frameworks @loader_path/Frameworks";
				PRODUCT_NAME = "$(TARGET_NAME)";
			};
			name = Debug;
		};
		04FB263E1B1EE47900D50FC4 /* Release */ = {
			isa = XCBuildConfiguration;
			buildSettings = {
				FRAMEWORK_SEARCH_PATHS = (
					"$(SDKROOT)/Developer/Library/Frameworks",
					"$(inherited)",
				);
				INFOPLIST_FILE = ExpandingTableViewTests/Info.plist;
				LD_RUNPATH_SEARCH_PATHS = "$(inherited) @executable_path/Frameworks @loader_path/Frameworks";
				PRODUCT_NAME = "$(TARGET_NAME)";
			};
			name = Release;
		};
/* End XCBuildConfiguration section */

/* Begin XCConfigurationList section */
		04FB261D1B1EE47800D50FC4 /* Build configuration list for PBXProject "ExpandingTableView" */ = {
			isa = XCConfigurationList;
			buildConfigurations = (
				04FB26371B1EE47900D50FC4 /* Debug */,
				04FB26381B1EE47900D50FC4 /* Release */,
			);
			defaultConfigurationIsVisible = 0;
			defaultConfigurationName = Release;
		};
		04FB26391B1EE47900D50FC4 /* Build configuration list for PBXNativeTarget "ExpandingTableView" */ = {
			isa = XCConfigurationList;
			buildConfigurations = (
				04FB263A1B1EE47900D50FC4 /* Debug */,
				04FB263B1B1EE47900D50FC4 /* Release */,
			);
			defaultConfigurationIsVisible = 0;
		};
		04FB263C1B1EE47900D50FC4 /* Build configuration list for PBXNativeTarget "ExpandingTableViewTests" */ = {
			isa = XCConfigurationList;
			buildConfigurations = (
				04FB263D1B1EE47900D50FC4 /* Debug */,
				04FB263E1B1EE47900D50FC4 /* Release */,
			);
			defaultConfigurationIsVisible = 0;
		};
/* End XCConfigurationList section */
	};
	rootObject = 04FB261A1B1EE47800D50FC4 /* Project object */;
}
